
Microsoft Visual Studio Solution File, Format Version 12.00
# Visual Studio Version 16
VisualStudioVersion = 16.0.30804.86
MinimumVisualStudioVersion = 10.0.40219.1
Project("{FAE04EC0-301F-11D3-BF4B-00C04F79EFBC}") = "simplesavedatadecryptorbyracest", "simplesavedatadecryptorbyracest.csproj", "{8A3FD9B6-B51F-40FA-BF2C-5B042DC04328}"
EndProject
Global
	GlobalSection(SolutionConfigurationPlatforms) = preSolution
		Debug|Any CPU = Debug|Any CPU
		Release|Any CPU = Release|Any CPU
	EndGlobalSection
	GlobalSection(ProjectConfigurationPlatforms) = postSolution
		{8A3FD9B6-B51F-40FA-BF2C-5B042DC04328}.Debug|Any CPU.ActiveCfg = Debug|Any CPU
		{8A3FD9B6-B51F-40FA-BF2C-5B042DC04328}.Debug|Any CPU.Build.0 = Debug|Any CPU
		{8A3FD9B6-B51F-40FA-BF2C-5B042DC04328}.Release|Any CPU.ActiveCfg = Release|Any CPU
		{8A3FD9B6-B51F-40FA-BF2C-5B042DC04328}.Release|Any CPU.Build.0 = Release|Any CPU
	EndGlobalSection
	GlobalSection(SolutionProperties) = preSolution
		HideSolutionNode = FALSE
	EndGlobalSection
	GlobalSection(ExtensibilityGlobals) = postSolution
		SolutionGuid = {882E9727-14BD-40E9-B711-A3A0AEC905A6}
	EndGlobalSection
EndGlobal
